{
    "_readme": [
        "This file locks the dependencies of your project to a known state",
        "Read more about it at http://getcomposer.org/doc/01-basic-usage.md#composer-lock-the-lock-file"
    ],
    "hash": "54dbfdbc632a6c3777efe3aa152fd045",
    "packages": [
        {
            "name": "fuelphp/upload",
            "version": "2.0.1",
            "source": {
                "type": "git",
                "url": "https://github.com/fuelphp/upload.git",
                "reference": "6310108de98ffdbf1083612db5b15411fc140c90"
            },
            "dist": {
                "type": "zip",
                "url": "https://api.github.com/repos/fuelphp/upload/zipball/6310108de98ffdbf1083612db5b15411fc140c90",
                "reference": "6310108de98ffdbf1083612db5b15411fc140c90",
                "shasum": ""
            },
            "require": {
                "php": ">=5.3"
            },
            "require-dev": {
                "mockery/mockery": "0.7.*"
            },
            "type": "library",
            "autoload": {
                "psr-0": {
                    "Fuel\\Upload": "src/"
                }
            },
            "notification-url": "https://packagist.org/downloads/",
            "license": [
                "MIT"
            ],
            "authors": [
                {
                    "name": "FuelPHP Development Team",
                    "email": "team@fuelphp.com"
                }
            ],
            "description": "Uploaded file processing.",
            "homepage": "https://github.com/fuelphp/upload",
            "keywords": [
                "file uploads",
                "upload"
            ],
            "time": "2013-10-11 21:42:58"
        },
        {
            "name": "monolog/monolog",
            "version": "1.5.0",
            "source": {
                "type": "git",
                "url": "https://github.com/Seldaek/monolog.git",
                "reference": "583618d5cd2115a52101694aca87afb182b3e567"
            },
            "dist": {
                "type": "zip",
                "url": "https://api.github.com/repos/Seldaek/monolog/zipball/583618d5cd2115a52101694aca87afb182b3e567",
                "reference": "583618d5cd2115a52101694aca87afb182b3e567",
                "shasum": ""
            },
            "require": {
                "php": ">=5.3.0",
                "psr/log": "~1.0"
            },
            "require-dev": {
                "doctrine/couchdb": "dev-master",
                "mlehner/gelf-php": "1.0.*",
                "raven/raven": "0.3.*"
            },
            "suggest": {
                "doctrine/couchdb": "Allow sending log messages to a CouchDB server",
                "ext-amqp": "Allow sending log messages to an AMQP server (1.0+ required)",
                "ext-mongo": "Allow sending log messages to a MongoDB server",
                "mlehner/gelf-php": "Allow sending log messages to a GrayLog2 server",
                "raven/raven": "Allow sending log messages to a Sentry server"
            },
            "type": "library",
            "extra": {
                "branch-alias": {
                    "dev-master": "1.4.x-dev"
                }
            },
            "autoload": {
                "psr-0": {
                    "Monolog": "src/"
                }
            },
            "notification-url": "https://packagist.org/downloads/",
            "license": [
                "MIT"
            ],
            "authors": [
                {
                    "name": "Jordi Boggiano",
                    "email": "j.boggiano@seld.be",
                    "homepage": "http://seld.be",
                    "role": "Developer"
                }
            ],
            "description": "Sends your logs to files, sockets, inboxes, databases and various web services",
            "homepage": "http://github.com/Seldaek/monolog",
            "keywords": [
                "log",
                "logging",
                "psr-3"
            ],
            "time": "2013-04-23 10:09:48"
        },
        {
            "name": "psr/log",
            "version": "dev-master",
            "source": {
                "type": "git",
                "url": "https://github.com/php-fig/log.git",
                "reference": "a78d6504ff5d4367497785ab2ade91db3a9fbe11"
            },
            "dist": {
                "type": "zip",
                "url": "https://api.github.com/repos/php-fig/log/zipball/a78d6504ff5d4367497785ab2ade91db3a9fbe11",
                "reference": "a78d6504ff5d4367497785ab2ade91db3a9fbe11",
                "shasum": ""
            },
            "type": "library",
            "extra": {
                "branch-alias": {
                    "dev-master": "1.0.x-dev"
                }
            },
            "autoload": {
                "psr-0": {
                    "Psr\\Log\\": ""
                }
            },
            "notification-url": "https://packagist.org/downloads/",
            "license": [
                "MIT"
            ],
            "authors": [
                {
                    "name": "PHP-FIG",
                    "homepage": "http://www.php-fig.org/"
                }
            ],
            "description": "Common interface for logging libraries",
            "keywords": [
                "log",
                "psr",
                "psr-3"
            ],
            "time": "2014-01-18 15:33:09"
        }
    ],
    "packages-dev": [

    ],
    "aliases": [

    ],
    "minimum-stability": "dev",
    "stability-flags": [

    ],
    "platform": {
        "php": ">=5.3.3"
    },
    "platform-dev": [

    ]
}
